
Microsoft Visual Studio Solution File, Format Version 12.00
# Visual Studio 15
VisualStudioVersion = 15.0.26403.7
MinimumVisualStudioVersion = 10.0.40219.1
Project("{FAE04EC0-301F-11D3-BF4B-00C04F79EFBC}") = "Diamond", "Diamond\Diamond.csproj", "{B3CC340E-32BC-425A-892B-EF767C0FAB36}"
EndProject
Project("{FAE04EC0-301F-11D3-BF4B-00C04F79EFBC}") = "Diamond-Provider-PELevel", "Diamond-Provider-PELevel\Diamond-Provider-PELevel.csproj", "{0687E61B-CCFB-47E5-B517-01DE9C76B6E0}"
EndProject
Project("{9A19103F-16F7-4668-BE54-9A1E7A4F7556}") = "Diamond-Provider-Anvil", "Diamond-Provider-Anvil\Diamond-Provider-Anvil.csproj", "{D1F30042-6D88-4EEC-BBA3-AAAE0E73B579}"
EndProject
Project("{FAE04EC0-301F-11D3-BF4B-00C04F79EFBC}") = "Diamond-Provider-Remote", "Diamond-Provider-Remote\Diamond-Provider-Remote.csproj", "{FFE299D3-712D-4B2B-9D48-B0EAB4B3FD4C}"
EndProject
Project("{FAE04EC0-301F-11D3-BF4B-00C04F79EFBC}") = "Diamond-Demo-UWP", "Diamond-Demo-UWP\Diamond-Demo-UWP.csproj", "{B8B8AB3E-9542-4533-B4A6-ACBB642E3D55}"
EndProject
Project("{FAE04EC0-301F-11D3-BF4B-00C04F79EFBC}") = "Diamond-Demo-NETCore", "Diamond-Demo-NETCore\Diamond-Demo-NETCore.csproj", "{A082AC91-46C3-4D55-B66E-2504930C8584}"
EndProject
Global
	GlobalSection(SolutionConfigurationPlatforms) = preSolution
		Debug|Any CPU = Debug|Any CPU
		Debug|ARM = Debug|ARM
		Debug|x64 = Debug|x64
		Debug|x86 = Debug|x86
		Release|Any CPU = Release|Any CPU
		Release|ARM = Release|ARM
		Release|x64 = Release|x64
		Release|x86 = Release|x86
	EndGlobalSection
	GlobalSection(ProjectConfigurationPlatforms) = postSolution
		{B3CC340E-32BC-425A-892B-EF767C0FAB36}.Debug|Any CPU.ActiveCfg = Debug|Any CPU
		{B3CC340E-32BC-425A-892B-EF767C0FAB36}.Debug|Any CPU.Build.0 = Debug|Any CPU
		{B3CC340E-32BC-425A-892B-EF767C0FAB36}.Debug|ARM.ActiveCfg = Debug|Any CPU
		{B3CC340E-32BC-425A-892B-EF767C0FAB36}.Debug|ARM.Build.0 = Debug|Any CPU
		{B3CC340E-32BC-425A-892B-EF767C0FAB36}.Debug|x64.ActiveCfg = Debug|Any CPU
		{B3CC340E-32BC-425A-892B-EF767C0FAB36}.Debug|x64.Build.0 = Debug|Any CPU
		{B3CC340E-32BC-425A-892B-EF767C0FAB36}.Debug|x86.ActiveCfg = Debug|Any CPU
		{B3CC340E-32BC-425A-892B-EF767C0FAB36}.Debug|x86.Build.0 = Debug|Any CPU
		{B3CC340E-32BC-425A-892B-EF767C0FAB36}.Release|Any CPU.ActiveCfg = Release|Any CPU
		{B3CC340E-32BC-425A-892B-EF767C0FAB36}.Release|Any CPU.Build.0 = Release|Any CPU
		{B3CC340E-32BC-425A-892B-EF767C0FAB36}.Release|ARM.ActiveCfg = Release|Any CPU
		{B3CC340E-32BC-425A-892B-EF767C0FAB36}.Release|ARM.Build.0 = Release|Any CPU
		{B3CC340E-32BC-425A-892B-EF767C0FAB36}.Release|x64.ActiveCfg = Release|Any CPU
		{B3CC340E-32BC-425A-892B-EF767C0FAB36}.Release|x64.Build.0 = Release|Any CPU
		{B3CC340E-32BC-425A-892B-EF767C0FAB36}.Release|x86.ActiveCfg = Release|Any CPU
		{B3CC340E-32BC-425A-892B-EF767C0FAB36}.Release|x86.Build.0 = Release|Any CPU
		{0687E61B-CCFB-47E5-B517-01DE9C76B6E0}.Debug|Any CPU.ActiveCfg = Debug|Any CPU
		{0687E61B-CCFB-47E5-B517-01DE9C76B6E0}.Debug|Any CPU.Build.0 = Debug|Any CPU
		{0687E61B-CCFB-47E5-B517-01DE9C76B6E0}.Debug|ARM.ActiveCfg = Debug|Any CPU
		{0687E61B-CCFB-47E5-B517-01DE9C76B6E0}.Debug|ARM.Build.0 = Debug|Any CPU
		{0687E61B-CCFB-47E5-B517-01DE9C76B6E0}.Debug|x64.ActiveCfg = Debug|Any CPU
		{0687E61B-CCFB-47E5-B517-01DE9C76B6E0}.Debug|x64.Build.0 = Debug|Any CPU
		{0687E61B-CCFB-47E5-B517-01DE9C76B6E0}.Debug|x86.ActiveCfg = Debug|Any CPU
		{0687E61B-CCFB-47E5-B517-01DE9C76B6E0}.Debug|x86.Build.0 = Debug|Any CPU
		{0687E61B-CCFB-47E5-B517-01DE9C76B6E0}.Release|Any CPU.ActiveCfg = Release|Any CPU
		{0687E61B-CCFB-47E5-B517-01DE9C76B6E0}.Release|Any CPU.Build.0 = Release|Any CPU
		{0687E61B-CCFB-47E5-B517-01DE9C76B6E0}.Release|ARM.ActiveCfg = Release|Any CPU
		{0687E61B-CCFB-47E5-B517-01DE9C76B6E0}.Release|ARM.Build.0 = Release|Any CPU
		{0687E61B-CCFB-47E5-B517-01DE9C76B6E0}.Release|x64.ActiveCfg = Release|Any CPU
		{0687E61B-CCFB-47E5-B517-01DE9C76B6E0}.Release|x64.Build.0 = Release|Any CPU
		{0687E61B-CCFB-47E5-B517-01DE9C76B6E0}.Release|x86.ActiveCfg = Release|Any CPU
		{0687E61B-CCFB-47E5-B517-01DE9C76B6E0}.Release|x86.Build.0 = Release|Any CPU
		{D1F30042-6D88-4EEC-BBA3-AAAE0E73B579}.Debug|Any CPU.ActiveCfg = Debug|Any CPU
		{D1F30042-6D88-4EEC-BBA3-AAAE0E73B579}.Debug|Any CPU.Build.0 = Debug|Any CPU
		{D1F30042-6D88-4EEC-BBA3-AAAE0E73B579}.Debug|ARM.ActiveCfg = Debug|Any CPU
		{D1F30042-6D88-4EEC-BBA3-AAAE0E73B579}.Debug|ARM.Build.0 = Debug|Any CPU
		{D1F30042-6D88-4EEC-BBA3-AAAE0E73B579}.Debug|x64.ActiveCfg = Debug|Any CPU
		{D1F30042-6D88-4EEC-BBA3-AAAE0E73B579}.Debug|x64.Build.0 = Debug|Any CPU
		{D1F30042-6D88-4EEC-BBA3-AAAE0E73B579}.Debug|x86.ActiveCfg = Debug|Any CPU
		{D1F30042-6D88-4EEC-BBA3-AAAE0E73B579}.Debug|x86.Build.0 = Debug|Any CPU
		{D1F30042-6D88-4EEC-BBA3-AAAE0E73B579}.Release|Any CPU.ActiveCfg = Release|Any CPU
		{D1F30042-6D88-4EEC-BBA3-AAAE0E73B579}.Release|Any CPU.Build.0 = Release|Any CPU
		{D1F30042-6D88-4EEC-BBA3-AAAE0E73B579}.Release|ARM.ActiveCfg = Release|Any CPU
		{D1F30042-6D88-4EEC-BBA3-AAAE0E73B579}.Release|ARM.Build.0 = Release|Any CPU
		{D1F30042-6D88-4EEC-BBA3-AAAE0E73B579}.Release|x64.ActiveCfg = Release|Any CPU
		{D1F30042-6D88-4EEC-BBA3-AAAE0E73B579}.Release|x64.Build.0 = Release|Any CPU
		{D1F30042-6D88-4EEC-BBA3-AAAE0E73B579}.Release|x86.ActiveCfg = Release|Any CPU
		{D1F30042-6D88-4EEC-BBA3-AAAE0E73B579}.Release|x86.Build.0 = Release|Any CPU
		{FFE299D3-712D-4B2B-9D48-B0EAB4B3FD4C}.Debug|Any CPU.ActiveCfg = Debug|Any CPU
		{FFE299D3-712D-4B2B-9D48-B0EAB4B3FD4C}.Debug|Any CPU.Build.0 = Debug|Any CPU
		{FFE299D3-712D-4B2B-9D48-B0EAB4B3FD4C}.Debug|ARM.ActiveCfg = Debug|Any CPU
		{FFE299D3-712D-4B2B-9D48-B0EAB4B3FD4C}.Debug|ARM.Build.0 = Debug|Any CPU
		{FFE299D3-712D-4B2B-9D48-B0EAB4B3FD4C}.Debug|x64.ActiveCfg = Debug|Any CPU
		{FFE299D3-712D-4B2B-9D48-B0EAB4B3FD4C}.Debug|x64.Build.0 = Debug|Any CPU
		{FFE299D3-712D-4B2B-9D48-B0EAB4B3FD4C}.Debug|x86.ActiveCfg = Debug|Any CPU
		{FFE299D3-712D-4B2B-9D48-B0EAB4B3FD4C}.Debug|x86.Build.0 = Debug|Any CPU
		{FFE299D3-712D-4B2B-9D48-B0EAB4B3FD4C}.Release|Any CPU.ActiveCfg = Release|Any CPU
		{FFE299D3-712D-4B2B-9D48-B0EAB4B3FD4C}.Release|Any CPU.Build.0 = Release|Any CPU
		{FFE299D3-712D-4B2B-9D48-B0EAB4B3FD4C}.Release|ARM.ActiveCfg = Release|Any CPU
		{FFE299D3-712D-4B2B-9D48-B0EAB4B3FD4C}.Release|ARM.Build.0 = Release|Any CPU
		{FFE299D3-712D-4B2B-9D48-B0EAB4B3FD4C}.Release|x64.ActiveCfg = Release|Any CPU
		{FFE299D3-712D-4B2B-9D48-B0EAB4B3FD4C}.Release|x64.Build.0 = Release|Any CPU
		{FFE299D3-712D-4B2B-9D48-B0EAB4B3FD4C}.Release|x86.ActiveCfg = Release|Any CPU
		{FFE299D3-712D-4B2B-9D48-B0EAB4B3FD4C}.Release|x86.Build.0 = Release|Any CPU
		{B8B8AB3E-9542-4533-B4A6-ACBB642E3D55}.Debug|Any CPU.ActiveCfg = Debug|x86
		{B8B8AB3E-9542-4533-B4A6-ACBB642E3D55}.Debug|ARM.ActiveCfg = Debug|ARM
		{B8B8AB3E-9542-4533-B4A6-ACBB642E3D55}.Debug|ARM.Build.0 = Debug|ARM
		{B8B8AB3E-9542-4533-B4A6-ACBB642E3D55}.Debug|ARM.Deploy.0 = Debug|ARM
		{B8B8AB3E-9542-4533-B4A6-ACBB642E3D55}.Debug|x64.ActiveCfg = Debug|x64
		{B8B8AB3E-9542-4533-B4A6-ACBB642E3D55}.Debug|x64.Build.0 = Debug|x64
		{B8B8AB3E-9542-4533-B4A6-ACBB642E3D55}.Debug|x64.Deploy.0 = Debug|x64
		{B8B8AB3E-9542-4533-B4A6-ACBB642E3D55}.Debug|x86.ActiveCfg = Debug|x86
		{B8B8AB3E-9542-4533-B4A6-ACBB642E3D55}.Debug|x86.Build.0 = Debug|x86
		{B8B8AB3E-9542-4533-B4A6-ACBB642E3D55}.Debug|x86.Deploy.0 = Debug|x86
		{B8B8AB3E-9542-4533-B4A6-ACBB642E3D55}.Release|Any CPU.ActiveCfg = Release|x86
		{B8B8AB3E-9542-4533-B4A6-ACBB642E3D55}.Release|ARM.ActiveCfg = Release|ARM
		{B8B8AB3E-9542-4533-B4A6-ACBB642E3D55}.Release|ARM.Build.0 = Release|ARM
		{B8B8AB3E-9542-4533-B4A6-ACBB642E3D55}.Release|ARM.Deploy.0 = Release|ARM
		{B8B8AB3E-9542-4533-B4A6-ACBB642E3D55}.Release|x64.ActiveCfg = Release|x64
		{B8B8AB3E-9542-4533-B4A6-ACBB642E3D55}.Release|x64.Build.0 = Release|x64
		{B8B8AB3E-9542-4533-B4A6-ACBB642E3D55}.Release|x64.Deploy.0 = Release|x64
		{B8B8AB3E-9542-4533-B4A6-ACBB642E3D55}.Release|x86.ActiveCfg = Release|x86
		{B8B8AB3E-9542-4533-B4A6-ACBB642E3D55}.Release|x86.Build.0 = Release|x86
		{B8B8AB3E-9542-4533-B4A6-ACBB642E3D55}.Release|x86.Deploy.0 = Release|x86
		{A082AC91-46C3-4D55-B66E-2504930C8584}.Debug|Any CPU.ActiveCfg = Debug|Any CPU
		{A082AC91-46C3-4D55-B66E-2504930C8584}.Debug|Any CPU.Build.0 = Debug|Any CPU
		{A082AC91-46C3-4D55-B66E-2504930C8584}.Debug|ARM.ActiveCfg = Debug|Any CPU
		{A082AC91-46C3-4D55-B66E-2504930C8584}.Debug|ARM.Build.0 = Debug|Any CPU
		{A082AC91-46C3-4D55-B66E-2504930C8584}.Debug|x64.ActiveCfg = Debug|Any CPU
		{A082AC91-46C3-4D55-B66E-2504930C8584}.Debug|x64.Build.0 = Debug|Any CPU
		{A082AC91-46C3-4D55-B66E-2504930C8584}.Debug|x86.ActiveCfg = Debug|Any CPU
		{A082AC91-46C3-4D55-B66E-2504930C8584}.Debug|x86.Build.0 = Debug|Any CPU
		{A082AC91-46C3-4D55-B66E-2504930C8584}.Release|Any CPU.ActiveCfg = Release|Any CPU
		{A082AC91-46C3-4D55-B66E-2504930C8584}.Release|Any CPU.Build.0 = Release|Any CPU
		{A082AC91-46C3-4D55-B66E-2504930C8584}.Release|ARM.ActiveCfg = Release|Any CPU
		{A082AC91-46C3-4D55-B66E-2504930C8584}.Release|ARM.Build.0 = Release|Any CPU
		{A082AC91-46C3-4D55-B66E-2504930C8584}.Release|x64.ActiveCfg = Release|Any CPU
		{A082AC91-46C3-4D55-B66E-2504930C8584}.Release|x64.Build.0 = Release|Any CPU
		{A082AC91-46C3-4D55-B66E-2504930C8584}.Release|x86.ActiveCfg = Release|Any CPU
		{A082AC91-46C3-4D55-B66E-2504930C8584}.Release|x86.Build.0 = Release|Any CPU
	EndGlobalSection
	GlobalSection(SolutionProperties) = preSolution
		HideSolutionNode = FALSE
	EndGlobalSection
EndGlobal
